
Microsoft Visual Studio Solution File, Format Version 12.00
# Visual Studio Version 17
VisualStudioVersion = 17.11.35219.272
MinimumVisualStudioVersion = 10.0.40219.1
Project("{FAE04EC0-301F-11D3-BF4B-00C04F79EFBC}") = "Week3Exercise2", "Week3Exercise2\Week3Exercise2.csproj", "{95C1BCC0-2C65-4C8B-95DC-066A28C9E62C}"
EndProject
Global
	GlobalSection(SolutionConfigurationPlatforms) = preSolution
		Debug|Any CPU = Debug|Any CPU
		Release|Any CPU = Release|Any CPU
	EndGlobalSection
	GlobalSection(ProjectConfigurationPlatforms) = postSolution
		{95C1BCC0-2C65-4C8B-95DC-066A28C9E62C}.Debug|Any CPU.ActiveCfg = Debug|Any CPU
		{95C1BCC0-2C65-4C8B-95DC-066A28C9E62C}.Debug|Any CPU.Build.0 = Debug|Any CPU
		{95C1BCC0-2C65-4C8B-95DC-066A28C9E62C}.Release|Any CPU.ActiveCfg = Release|Any CPU
		{95C1BCC0-2C65-4C8B-95DC-066A28C9E62C}.Release|Any CPU.Build.0 = Release|Any CPU
	EndGlobalSection
	GlobalSection(SolutionProperties) = preSolution
		HideSolutionNode = FALSE
	EndGlobalSection
	GlobalSection(ExtensibilityGlobals) = postSolution
		SolutionGuid = {D3324600-2A42-4943-8752-D50726E88744}
	EndGlobalSection
EndGlobal
